
Microsoft Visual Studio Solution File, Format Version 12.00
# Visual Studio Version 17
VisualStudioVersion = 17.12.35707.178 d17.12
MinimumVisualStudioVersion = 10.0.40219.1
Project("{FAE04EC0-301F-11D3-BF4B-00C04F79EFBC}") = "CadastroSAT.Server", "CadastroSAT.Server\CadastroSAT.Server.csproj", "{2CD9C011-6B00-47A1-A79F-5623E6F30ED3}"
EndProject
Project("{54A90642-561A-4BB1-A94E-469ADEE60C69}") = "cadastrosat.client", "cadastrosat.client\cadastrosat.client.esproj", "{D62BC72C-872F-442B-9C59-EF72849CDD78}"
EndProject
Global
	GlobalSection(SolutionConfigurationPlatforms) = preSolution
		Debug|Any CPU = Debug|Any CPU
		Release|Any CPU = Release|Any CPU
	EndGlobalSection
	GlobalSection(ProjectConfigurationPlatforms) = postSolution
		{2CD9C011-6B00-47A1-A79F-5623E6F30ED3}.Debug|Any CPU.ActiveCfg = Debug|Any CPU
		{2CD9C011-6B00-47A1-A79F-5623E6F30ED3}.Debug|Any CPU.Build.0 = Debug|Any CPU
		{2CD9C011-6B00-47A1-A79F-5623E6F30ED3}.Release|Any CPU.ActiveCfg = Release|Any CPU
		{2CD9C011-6B00-47A1-A79F-5623E6F30ED3}.Release|Any CPU.Build.0 = Release|Any CPU
		{D62BC72C-872F-442B-9C59-EF72849CDD78}.Debug|Any CPU.ActiveCfg = Debug|Any CPU
		{D62BC72C-872F-442B-9C59-EF72849CDD78}.Debug|Any CPU.Build.0 = Debug|Any CPU
		{D62BC72C-872F-442B-9C59-EF72849CDD78}.Debug|Any CPU.Deploy.0 = Debug|Any CPU
		{D62BC72C-872F-442B-9C59-EF72849CDD78}.Release|Any CPU.ActiveCfg = Release|Any CPU
		{D62BC72C-872F-442B-9C59-EF72849CDD78}.Release|Any CPU.Build.0 = Release|Any CPU
		{D62BC72C-872F-442B-9C59-EF72849CDD78}.Release|Any CPU.Deploy.0 = Release|Any CPU
	EndGlobalSection
	GlobalSection(SolutionProperties) = preSolution
		HideSolutionNode = FALSE
	EndGlobalSection
EndGlobal
